
Microsoft Visual Studio Solution File, Format Version 12.00
# Visual Studio Version 16
VisualStudioVersion = 16.0.30406.217
MinimumVisualStudioVersion = 10.0.40219.1
Project("{FAE04EC0-301F-11D3-BF4B-00C04F79EFBC}") = "CA", "CA\CA.csproj", "{37BB267B-1DD9-47C1-A157-787F9EF4CEF8}"
EndProject
Global
	GlobalSection(SolutionConfigurationPlatforms) = preSolution
		Debug|Any CPU = Debug|Any CPU
		Release|Any CPU = Release|Any CPU
	EndGlobalSection
	GlobalSection(ProjectConfigurationPlatforms) = postSolution
		{37BB267B-1DD9-47C1-A157-787F9EF4CEF8}.Debug|Any CPU.ActiveCfg = Debug|Any CPU
		{37BB267B-1DD9-47C1-A157-787F9EF4CEF8}.Debug|Any CPU.Build.0 = Debug|Any CPU
		{37BB267B-1DD9-47C1-A157-787F9EF4CEF8}.Release|Any CPU.ActiveCfg = Release|Any CPU
		{37BB267B-1DD9-47C1-A157-787F9EF4CEF8}.Release|Any CPU.Build.0 = Release|Any CPU
	EndGlobalSection
	GlobalSection(SolutionProperties) = preSolution
		HideSolutionNode = FALSE
	EndGlobalSection
	GlobalSection(ExtensibilityGlobals) = postSolution
		SolutionGuid = {8D5E371D-1751-4096-B591-578734AF1081}
	EndGlobalSection
EndGlobal
